<?xml version="1.0" encoding="utf-8"?>
<Project ToolsVersion="4.0" xmlns="http://schemas.microsoft.com/developer/msbuild/2003">
  <ItemGroup>
    <Filter Include="Source Files">
      <UniqueIdentifier>{4FC737F1-C7A5-4376-A066-2A32D752A2FF}</UniqueIdentifier>
      <Extensions>cpp;c;cc;cxx;c++;cppm;ixx;def;odl;idl;hpj;bat;asm;asmx</Extensions>
    </Filter>
    <Filter Include="Header Files">
      <UniqueIdentifier>{93995380-89BD-4b04-88EB-625FBE52EBFB}</UniqueIdentifier>
      <Extensions>h;hh;hpp;hxx;h++;hm;inl;inc;ipp;xsd</Extensions>
    </Filter>
    <Filter Include="Resource Files">
      <UniqueIdentifier>{67DA6AB6-F800-4c08-8B7A-83BB121AAD01}</UniqueIdentifier>
      <Extensions>rc;ico;cur;bmp;dlg;rc2;rct;bin;rgs;gif;jpg;jpeg;jpe;resx;tiff;tif;png;wav;mfcribbon-ms</Extensions>
    </Filter>
  </ItemGroup>
  <ItemGroup>
    <ClCompile Include="main.cpp">
      <Filter>Source Files</Filter>
    </ClCompile>
    <ClCompile Include="include\stm\math.cpp">
      <Filter>Source Files</Filter>
    </ClCompile>
    <ClCompile Include="include\stm\matrix_transform.cpp">
      <Filter>Source Files</Filter>
    </ClCompile>
    <ClCompile Include="src\neuralnetwork.cpp">
      <Filter>Source Files</Filter>
    </ClCompile>
    <ClCompile Include="src\data_handler.cpp">
      <Filter>Source Files</Filter>
    </ClCompile>
    <ClCompile Include="src\my_network.cpp">
      <Filter>Source Files</Filter>
    </ClCompile>
  </ItemGroup>
  <ItemGroup>
    <ClInclude Include="include\stm\debug.h">
      <Filter>Header Files</Filter>
    </ClInclude>
    <ClInclude Include="include\stm\complex.h">
      <Filter>Header Files</Filter>
    </ClInclude>
    <ClInclude Include="include\stm\constants.h">
      <Filter>Header Files</Filter>
    </ClInclude>
    <ClInclude Include="include\stm\math.h">
      <Filter>Header Files</Filter>
    </ClInclude>
    <ClInclude Include="include\stm\matrix.h">
      <Filter>Header Files</Filter>
    </ClInclude>
    <ClInclude Include="include\stm\matrix_transform.h">
      <Filter>Header Files</Filter>
    </ClInclude>
    <ClInclude Include="include\stm\quaternion.h">
      <Filter>Header Files</Filter>
    </ClInclude>
    <ClInclude Include="include\stm\utilities.h">
      <Filter>Header Files</Filter>
    </ClInclude>
    <ClInclude Include="include\stm\vector.h">
      <Filter>Header Files</Filter>
    </ClInclude>
    <ClInclude Include="include\stm\dynamic_matrix.h">
      <Filter>Header Files</Filter>
    </ClInclude>
    <ClInclude Include="include\stm\dynamic_vector.h">
      <Filter>Header Files</Filter>
    </ClInclude>
    <ClInclude Include="include\neuralnewtork.h">
      <Filter>Header Files</Filter>
    </ClInclude>
    <ClInclude Include="include\data_handler.h">
      <Filter>Header Files</Filter>
    </ClInclude>
    <ClInclude Include="include\stm\distribution.h">
      <Filter>Header Files</Filter>
    </ClInclude>
    <ClInclude Include="include\stm\function.h">
      <Filter>Header Files</Filter>
    </ClInclude>
    <ClInclude Include="include\static_neural_network.h">
      <Filter>Header Files</Filter>
    </ClInclude>
    <ClInclude Include="include\my_network.h">
      <Filter>Header Files</Filter>
    </ClInclude>
    <ClInclude Include="include\static_neural_network.ipp">
      <Filter>Header Files</Filter>
    </ClInclude>
    <ClInclude Include="include\stm\aligned_matrix.h">
      <Filter>Header Files</Filter>
    </ClInclude>
    <ClInclude Include="include\stm\dynamic_matrix.ipp">
      <Filter>Header Files</Filter>
    </ClInclude>
    <ClInclude Include="include\stm\dynamic_vector.ipp">
      <Filter>Header Files</Filter>
    </ClInclude>
    <ClInclude Include="include\stm\matrix.ipp">
      <Filter>Header Files</Filter>
    </ClInclude>
    <ClInclude Include="include\stm\utilities.ipp">
      <Filter>Header Files</Filter>
    </ClInclude>
    <ClInclude Include="include\stm\vector.ipp">
      <Filter>Header Files</Filter>
    </ClInclude>
    <ClInclude Include="include\stm\vector4.h">
      <Filter>Header Files</Filter>
    </ClInclude>
    <ClInclude Include="include\stm\vector3.h">
      <Filter>Header Files</Filter>
    </ClInclude>
    <ClInclude Include="include\stm\vector2.h">
      <Filter>Header Files</Filter>
    </ClInclude>
    <ClInclude Include="include\stm\matrix2x2.h">
      <Filter>Header Files</Filter>
    </ClInclude>
    <ClInclude Include="include\stm\avx_math.h">
      <Filter>Header Files</Filter>
    </ClInclude>
    <ClInclude Include="include\stm\avx_math.ipp">
      <Filter>Header Files</Filter>
    </ClInclude>
  </ItemGroup>
  <ItemGroup>
    <None Include="assets\data\train-images.idx3-ubyte" />
    <None Include="assets\data\train-labels.idx1-ubyte" />
  </ItemGroup>
</Project>